// !$*UTF8*$!
{
	archiveVersion = 1;
	classes = {
	};
	objectVersion = 56;
	objects = {

/* Begin PBXBuildFile section */
		491287622CC4496000AA4EFC /* HabitPlusApp.swift in Sources */ = {isa = PBXBuildFile; fileRef = 491287612CC4496000AA4EFC /* HabitPlusApp.swift */; };
		491287662CC4496100AA4EFC /* Assets.xcassets in Resources */ = {isa = PBXBuildFile; fileRef = 491287652CC4496100AA4EFC /* Assets.xcassets */; };
		491287692CC4496100AA4EFC /* Preview Assets.xcassets in Resources */ = {isa = PBXBuildFile; fileRef = 491287682CC4496100AA4EFC /* Preview Assets.xcassets */; };
		491287742CC44B2A00AA4EFC /* SplashView.swift in Sources */ = {isa = PBXBuildFile; fileRef = 491287732CC44B2A00AA4EFC /* SplashView.swift */; };
		491287762CC44B6C00AA4EFC /* SplashUIState.swift in Sources */ = {isa = PBXBuildFile; fileRef = 491287752CC44B6C00AA4EFC /* SplashUIState.swift */; };
		491287792CC45E9F00AA4EFC /* SplashViewModel.swift in Sources */ = {isa = PBXBuildFile; fileRef = 491287782CC45E9F00AA4EFC /* SplashViewModel.swift */; };
		4912877F2CC476B500AA4EFC /* SignInView.swift in Sources */ = {isa = PBXBuildFile; fileRef = 4912877E2CC476B500AA4EFC /* SignInView.swift */; };
		491287832CC476E400AA4EFC /* SignInViewModel.swift in Sources */ = {isa = PBXBuildFile; fileRef = 491287822CC476E400AA4EFC /* SignInViewModel.swift */; };
		491287852CC476F300AA4EFC /* SignInModel.swift in Sources */ = {isa = PBXBuildFile; fileRef = 491287842CC476F300AA4EFC /* SignInModel.swift */; };
		491287872CC478BA00AA4EFC /* SplashViewRouter.swift in Sources */ = {isa = PBXBuildFile; fileRef = 491287862CC478BA00AA4EFC /* SplashViewRouter.swift */; };
		4951FFDD2CC887C5003175AE /* EditTextView.swift in Sources */ = {isa = PBXBuildFile; fileRef = 4951FFDC2CC887C5003175AE /* EditTextView.swift */; };
		4951FFE12CC88DFF003175AE /* CustomTextFieldStyle.swift in Sources */ = {isa = PBXBuildFile; fileRef = 4951FFE02CC88DFF003175AE /* CustomTextFieldStyle.swift */; };
		498E2A302CC4B29000D33A70 /* SignInViewRouter.swift in Sources */ = {isa = PBXBuildFile; fileRef = 498E2A2F2CC4B29000D33A70 /* SignInViewRouter.swift */; };
		498E2A372CC4B3DB00D33A70 /* HomeView.swift in Sources */ = {isa = PBXBuildFile; fileRef = 498E2A362CC4B3DB00D33A70 /* HomeView.swift */; };
		498E2A392CC4B3F500D33A70 /* HomeViewModel.swift in Sources */ = {isa = PBXBuildFile; fileRef = 498E2A382CC4B3F500D33A70 /* HomeViewModel.swift */; };
		498E2A3B2CC4B40300D33A70 /* HomeModel.swift in Sources */ = {isa = PBXBuildFile; fileRef = 498E2A3A2CC4B40300D33A70 /* HomeModel.swift */; };
		498E2A412CC4BBCC00D33A70 /* SignUpView.swift in Sources */ = {isa = PBXBuildFile; fileRef = 498E2A402CC4BBCC00D33A70 /* SignUpView.swift */; };
		498E2A472CC4BC2300D33A70 /* SignUpModel.swift in Sources */ = {isa = PBXBuildFile; fileRef = 498E2A462CC4BC2300D33A70 /* SignUpModel.swift */; };
		498E2A492CC4BC3D00D33A70 /* SignUpViewModel.swift in Sources */ = {isa = PBXBuildFile; fileRef = 498E2A482CC4BC3D00D33A70 /* SignUpViewModel.swift */; };
		49B962F12CCC7C640029A46C /* String+Extension.swift in Sources */ = {isa = PBXBuildFile; fileRef = 49B962F02CCC7C640029A46C /* String+Extension.swift */; };
		49B962F32CCC81980029A46C /* CustomButton.swift in Sources */ = {isa = PBXBuildFile; fileRef = 49B962F22CCC81980029A46C /* CustomButton.swift */; };
		49BAA1FF2CC71D0A00BBCDDF /* Gender.swift in Sources */ = {isa = PBXBuildFile; fileRef = 49BAA1FE2CC71D0A00BBCDDF /* Gender.swift */; };
		49BAA2012CC7257700BBCDDF /* SignUpViewRouter.swift in Sources */ = {isa = PBXBuildFile; fileRef = 49BAA2002CC7257700BBCDDF /* SignUpViewRouter.swift */; };
/* End PBXBuildFile section */

/* Begin PBXFileReference section */
		4912875E2CC4496000AA4EFC /* HabitPlus.app */ = {isa = PBXFileReference; explicitFileType = wrapper.application; includeInIndex = 0; path = HabitPlus.app; sourceTree = BUILT_PRODUCTS_DIR; };
		491287612CC4496000AA4EFC /* HabitPlusApp.swift */ = {isa = PBXFileReference; lastKnownFileType = sourcecode.swift; path = HabitPlusApp.swift; sourceTree = "<group>"; };
		491287652CC4496100AA4EFC /* Assets.xcassets */ = {isa = PBXFileReference; lastKnownFileType = folder.assetcatalog; path = Assets.xcassets; sourceTree = "<group>"; };
		491287682CC4496100AA4EFC /* Preview Assets.xcassets */ = {isa = PBXFileReference; lastKnownFileType = folder.assetcatalog; path = "Preview Assets.xcassets"; sourceTree = "<group>"; };
		491287732CC44B2A00AA4EFC /* SplashView.swift */ = {isa = PBXFileReference; lastKnownFileType = sourcecode.swift; path = SplashView.swift; sourceTree = "<group>"; };
		491287752CC44B6C00AA4EFC /* SplashUIState.swift */ = {isa = PBXFileReference; lastKnownFileType = sourcecode.swift; path = SplashUIState.swift; sourceTree = "<group>"; };
		491287782CC45E9F00AA4EFC /* SplashViewModel.swift */ = {isa = PBXFileReference; lastKnownFileType = sourcecode.swift; path = SplashViewModel.swift; sourceTree = "<group>"; };
		4912877E2CC476B500AA4EFC /* SignInView.swift */ = {isa = PBXFileReference; lastKnownFileType = sourcecode.swift; path = SignInView.swift; sourceTree = "<group>"; };
		491287822CC476E400AA4EFC /* SignInViewModel.swift */ = {isa = PBXFileReference; lastKnownFileType = sourcecode.swift; path = SignInViewModel.swift; sourceTree = "<group>"; };
		491287842CC476F300AA4EFC /* SignInModel.swift */ = {isa = PBXFileReference; lastKnownFileType = sourcecode.swift; path = SignInModel.swift; sourceTree = "<group>"; };
		491287862CC478BA00AA4EFC /* SplashViewRouter.swift */ = {isa = PBXFileReference; lastKnownFileType = sourcecode.swift; path = SplashViewRouter.swift; sourceTree = "<group>"; };
		4951FFDC2CC887C5003175AE /* EditTextView.swift */ = {isa = PBXFileReference; lastKnownFileType = sourcecode.swift; path = EditTextView.swift; sourceTree = "<group>"; wrapsLines = 1; };
		4951FFE02CC88DFF003175AE /* CustomTextFieldStyle.swift */ = {isa = PBXFileReference; lastKnownFileType = sourcecode.swift; path = CustomTextFieldStyle.swift; sourceTree = "<group>"; };
		498E2A2F2CC4B29000D33A70 /* SignInViewRouter.swift */ = {isa = PBXFileReference; lastKnownFileType = sourcecode.swift; path = SignInViewRouter.swift; sourceTree = "<group>"; };
		498E2A362CC4B3DB00D33A70 /* HomeView.swift */ = {isa = PBXFileReference; lastKnownFileType = sourcecode.swift; path = HomeView.swift; sourceTree = "<group>"; };
		498E2A382CC4B3F500D33A70 /* HomeViewModel.swift */ = {isa = PBXFileReference; lastKnownFileType = sourcecode.swift; path = HomeViewModel.swift; sourceTree = "<group>"; };
		498E2A3A2CC4B40300D33A70 /* HomeModel.swift */ = {isa = PBXFileReference; lastKnownFileType = sourcecode.swift; path = HomeModel.swift; sourceTree = "<group>"; };
		498E2A402CC4BBCC00D33A70 /* SignUpView.swift */ = {isa = PBXFileReference; lastKnownFileType = sourcecode.swift; path = SignUpView.swift; sourceTree = "<group>"; };
		498E2A462CC4BC2300D33A70 /* SignUpModel.swift */ = {isa = PBXFileReference; lastKnownFileType = sourcecode.swift; path = SignUpModel.swift; sourceTree = "<group>"; };
		498E2A482CC4BC3D00D33A70 /* SignUpViewModel.swift */ = {isa = PBXFileReference; lastKnownFileType = sourcecode.swift; path = SignUpViewModel.swift; sourceTree = "<group>"; };
		49B962F02CCC7C640029A46C /* String+Extension.swift */ = {isa = PBXFileReference; lastKnownFileType = sourcecode.swift; path = "String+Extension.swift"; sourceTree = "<group>"; };
		49B962F22CCC81980029A46C /* CustomButton.swift */ = {isa = PBXFileReference; lastKnownFileType = sourcecode.swift; path = CustomButton.swift; sourceTree = "<group>"; };
		49BAA1FE2CC71D0A00BBCDDF /* Gender.swift */ = {isa = PBXFileReference; lastKnownFileType = sourcecode.swift; path = Gender.swift; sourceTree = "<group>"; };
		49BAA2002CC7257700BBCDDF /* SignUpViewRouter.swift */ = {isa = PBXFileReference; lastKnownFileType = sourcecode.swift; path = SignUpViewRouter.swift; sourceTree = "<group>"; };
/* End PBXFileReference section */

/* Begin PBXFrameworksBuildPhase section */
		4912875B2CC4496000AA4EFC /* Frameworks */ = {
			isa = PBXFrameworksBuildPhase;
			buildActionMask = 2147483647;
			files = (
			);
			runOnlyForDeploymentPostprocessing = 0;
		};
/* End PBXFrameworksBuildPhase section */

/* Begin PBXGroup section */
		491287552CC4496000AA4EFC = {
			isa = PBXGroup;
			children = (
				491287602CC4496000AA4EFC /* HabitPlus */,
				4912875F2CC4496000AA4EFC /* Products */,
			);
			sourceTree = "<group>";
		};
		4912875F2CC4496000AA4EFC /* Products */ = {
			isa = PBXGroup;
			children = (
				4912875E2CC4496000AA4EFC /* HabitPlus.app */,
			);
			name = Products;
			sourceTree = "<group>";
		};
		491287602CC4496000AA4EFC /* HabitPlus */ = {
			isa = PBXGroup;
			children = (
				49BAA1FC2CC71CEB00BBCDDF /* Common */,
				498E2A3C2CC4BB9800D33A70 /* SignUp */,
				498E2A312CC4B38700D33A70 /* Home */,
				4912877A2CC4767900AA4EFC /* SignIn */,
				4912876F2CC44AC300AA4EFC /* Splash */,
				491287612CC4496000AA4EFC /* HabitPlusApp.swift */,
				491287652CC4496100AA4EFC /* Assets.xcassets */,
				491287672CC4496100AA4EFC /* Preview Content */,
			);
			path = HabitPlus;
			sourceTree = "<group>";
		};
		491287672CC4496100AA4EFC /* Preview Content */ = {
			isa = PBXGroup;
			children = (
				491287682CC4496100AA4EFC /* Preview Assets.xcassets */,
			);
			path = "Preview Content";
			sourceTree = "<group>";
		};
		4912876F2CC44AC300AA4EFC /* Splash */ = {
			isa = PBXGroup;
			children = (
				491287702CC44ACC00AA4EFC /* Model */,
				491287772CC45E8700AA4EFC /* ViewModel */,
				491287722CC44B0400AA4EFC /* View */,
			);
			path = Splash;
			sourceTree = "<group>";
		};
		491287702CC44ACC00AA4EFC /* Model */ = {
			isa = PBXGroup;
			children = (
				491287752CC44B6C00AA4EFC /* SplashUIState.swift */,
			);
			path = Model;
			sourceTree = "<group>";
		};
		491287722CC44B0400AA4EFC /* View */ = {
			isa = PBXGroup;
			children = (
				491287732CC44B2A00AA4EFC /* SplashView.swift */,
			);
			path = View;
			sourceTree = "<group>";
		};
		491287772CC45E8700AA4EFC /* ViewModel */ = {
			isa = PBXGroup;
			children = (
				491287782CC45E9F00AA4EFC /* SplashViewModel.swift */,
				491287862CC478BA00AA4EFC /* SplashViewRouter.swift */,
			);
			path = ViewModel;
			sourceTree = "<group>";
		};
		4912877A2CC4767900AA4EFC /* SignIn */ = {
			isa = PBXGroup;
			children = (
				4912877B2CC4768C00AA4EFC /* Model */,
				4912877C2CC4769200AA4EFC /* ViewModel */,
				4912877D2CC4769D00AA4EFC /* View */,
			);
			path = SignIn;
			sourceTree = "<group>";
		};
		4912877B2CC4768C00AA4EFC /* Model */ = {
			isa = PBXGroup;
			children = (
				491287842CC476F300AA4EFC /* SignInModel.swift */,
			);
			path = Model;
			sourceTree = "<group>";
		};
		4912877C2CC4769200AA4EFC /* ViewModel */ = {
			isa = PBXGroup;
			children = (
				491287822CC476E400AA4EFC /* SignInViewModel.swift */,
				498E2A2F2CC4B29000D33A70 /* SignInViewRouter.swift */,
			);
			path = ViewModel;
			sourceTree = "<group>";
		};
		4912877D2CC4769D00AA4EFC /* View */ = {
			isa = PBXGroup;
			children = (
				4912877E2CC476B500AA4EFC /* SignInView.swift */,
			);
			path = View;
			sourceTree = "<group>";
		};
		4951FFDB2CC8879F003175AE /* View */ = {
			isa = PBXGroup;
			children = (
				4951FFDF2CC88DDF003175AE /* Style */,
				4951FFDC2CC887C5003175AE /* EditTextView.swift */,
				49B962F22CCC81980029A46C /* CustomButton.swift */,
			);
			path = View;
			sourceTree = "<group>";
		};
		4951FFDF2CC88DDF003175AE /* Style */ = {
			isa = PBXGroup;
			children = (
				4951FFE02CC88DFF003175AE /* CustomTextFieldStyle.swift */,
			);
			path = Style;
			sourceTree = "<group>";
		};
		498E2A312CC4B38700D33A70 /* Home */ = {
			isa = PBXGroup;
			children = (
				498E2A332CC4B3AB00D33A70 /* Model */,
				498E2A342CC4B3B200D33A70 /* ViewModel */,
				498E2A352CC4B3BC00D33A70 /* View */,
			);
			path = Home;
			sourceTree = "<group>";
		};
		498E2A332CC4B3AB00D33A70 /* Model */ = {
			isa = PBXGroup;
			children = (
				498E2A3A2CC4B40300D33A70 /* HomeModel.swift */,
			);
			path = Model;
			sourceTree = "<group>";
		};
		498E2A342CC4B3B200D33A70 /* ViewModel */ = {
			isa = PBXGroup;
			children = (
				498E2A382CC4B3F500D33A70 /* HomeViewModel.swift */,
			);
			path = ViewModel;
			sourceTree = "<group>";
		};
		498E2A352CC4B3BC00D33A70 /* View */ = {
			isa = PBXGroup;
			children = (
				498E2A362CC4B3DB00D33A70 /* HomeView.swift */,
			);
			path = View;
			sourceTree = "<group>";
		};
		498E2A3C2CC4BB9800D33A70 /* SignUp */ = {
			isa = PBXGroup;
			children = (
				498E2A3D2CC4BBA900D33A70 /* Model */,
				498E2A3E2CC4BBB000D33A70 /* ViewModel */,
				498E2A3F2CC4BBB900D33A70 /* View */,
			);
			path = SignUp;
			sourceTree = "<group>";
		};
		498E2A3D2CC4BBA900D33A70 /* Model */ = {
			isa = PBXGroup;
			children = (
				498E2A462CC4BC2300D33A70 /* SignUpModel.swift */,
			);
			path = Model;
			sourceTree = "<group>";
		};
		498E2A3E2CC4BBB000D33A70 /* ViewModel */ = {
			isa = PBXGroup;
			children = (
				498E2A482CC4BC3D00D33A70 /* SignUpViewModel.swift */,
				49BAA2002CC7257700BBCDDF /* SignUpViewRouter.swift */,
			);
			path = ViewModel;
			sourceTree = "<group>";
		};
		498E2A3F2CC4BBB900D33A70 /* View */ = {
			isa = PBXGroup;
			children = (
				498E2A402CC4BBCC00D33A70 /* SignUpView.swift */,
			);
			path = View;
			sourceTree = "<group>";
		};
		49B962EF2CCC7C410029A46C /* Lang */ = {
			isa = PBXGroup;
			children = (
				49B962F02CCC7C640029A46C /* String+Extension.swift */,
			);
			path = Lang;
			sourceTree = "<group>";
		};
		49BAA1FC2CC71CEB00BBCDDF /* Common */ = {
			isa = PBXGroup;
			children = (
				49B962EF2CCC7C410029A46C /* Lang */,
				4951FFDB2CC8879F003175AE /* View */,
				49BAA1FD2CC71CF300BBCDDF /* Model */,
			);
			path = Common;
			sourceTree = "<group>";
		};
		49BAA1FD2CC71CF300BBCDDF /* Model */ = {
			isa = PBXGroup;
			children = (
				49BAA1FE2CC71D0A00BBCDDF /* Gender.swift */,
			);
			path = Model;
			sourceTree = "<group>";
		};
/* End PBXGroup section */

/* Begin PBXNativeTarget section */
		4912875D2CC4496000AA4EFC /* HabitPlus */ = {
			isa = PBXNativeTarget;
			buildConfigurationList = 4912876C2CC4496100AA4EFC /* Build configuration list for PBXNativeTarget "HabitPlus" */;
			buildPhases = (
				4912875A2CC4496000AA4EFC /* Sources */,
				4912875B2CC4496000AA4EFC /* Frameworks */,
				4912875C2CC4496000AA4EFC /* Resources */,
			);
			buildRules = (
			);
			dependencies = (
			);
			name = HabitPlus;
			productName = HabitPlus;
			productReference = 4912875E2CC4496000AA4EFC /* HabitPlus.app */;
			productType = "com.apple.product-type.application";
		};
/* End PBXNativeTarget section */

/* Begin PBXProject section */
		491287562CC4496000AA4EFC /* Project object */ = {
			isa = PBXProject;
			attributes = {
				BuildIndependentTargetsInParallel = 1;
				LastSwiftUpdateCheck = 1540;
				LastUpgradeCheck = 1540;
				TargetAttributes = {
					4912875D2CC4496000AA4EFC = {
						CreatedOnToolsVersion = 15.4;
					};
				};
			};
			buildConfigurationList = 491287592CC4496000AA4EFC /* Build configuration list for PBXProject "HabitPlus" */;
			compatibilityVersion = "Xcode 14.0";
			developmentRegion = en;
			hasScannedForEncodings = 0;
			knownRegions = (
				en,
				Base,
			);
			mainGroup = 491287552CC4496000AA4EFC;
			productRefGroup = 4912875F2CC4496000AA4EFC /* Products */;
			projectDirPath = "";
			projectRoot = "";
			targets = (
				4912875D2CC4496000AA4EFC /* HabitPlus */,
			);
		};
/* End PBXProject section */

/* Begin PBXResourcesBuildPhase section */
		4912875C2CC4496000AA4EFC /* Resources */ = {
			isa = PBXResourcesBuildPhase;
			buildActionMask = 2147483647;
			files = (
				491287692CC4496100AA4EFC /* Preview Assets.xcassets in Resources */,
				491287662CC4496100AA4EFC /* Assets.xcassets in Resources */,
			);
			runOnlyForDeploymentPostprocessing = 0;
		};
/* End PBXResourcesBuildPhase section */

/* Begin PBXSourcesBuildPhase section */
		4912875A2CC4496000AA4EFC /* Sources */ = {
			isa = PBXSourcesBuildPhase;
			buildActionMask = 2147483647;
			files = (
				491287872CC478BA00AA4EFC /* SplashViewRouter.swift in Sources */,
				49B962F12CCC7C640029A46C /* String+Extension.swift in Sources */,
				498E2A392CC4B3F500D33A70 /* HomeViewModel.swift in Sources */,
				491287762CC44B6C00AA4EFC /* SplashUIState.swift in Sources */,
				491287622CC4496000AA4EFC /* HabitPlusApp.swift in Sources */,
				498E2A372CC4B3DB00D33A70 /* HomeView.swift in Sources */,
				498E2A302CC4B29000D33A70 /* SignInViewRouter.swift in Sources */,
				491287832CC476E400AA4EFC /* SignInViewModel.swift in Sources */,
				498E2A492CC4BC3D00D33A70 /* SignUpViewModel.swift in Sources */,
				491287852CC476F300AA4EFC /* SignInModel.swift in Sources */,
				498E2A412CC4BBCC00D33A70 /* SignUpView.swift in Sources */,
				49B962F32CCC81980029A46C /* CustomButton.swift in Sources */,
				4951FFE12CC88DFF003175AE /* CustomTextFieldStyle.swift in Sources */,
				498E2A3B2CC4B40300D33A70 /* HomeModel.swift in Sources */,
				491287742CC44B2A00AA4EFC /* SplashView.swift in Sources */,
				49BAA1FF2CC71D0A00BBCDDF /* Gender.swift in Sources */,
				498E2A472CC4BC2300D33A70 /* SignUpModel.swift in Sources */,
				491287792CC45E9F00AA4EFC /* SplashViewModel.swift in Sources */,
				4951FFDD2CC887C5003175AE /* EditTextView.swift in Sources */,
				4912877F2CC476B500AA4EFC /* SignInView.swift in Sources */,
				49BAA2012CC7257700BBCDDF /* SignUpViewRouter.swift in Sources */,
			);
			runOnlyForDeploymentPostprocessing = 0;
		};
/* End PBXSourcesBuildPhase section */

/* Begin XCBuildConfiguration section */
		4912876A2CC4496100AA4EFC /* Debug */ = {
			isa = XCBuildConfiguration;
			buildSettings = {
				ALWAYS_SEARCH_USER_PATHS = NO;
				ASSETCATALOG_COMPILER_GENERATE_SWIFT_ASSET_SYMBOL_EXTENSIONS = YES;
				CLANG_ANALYZER_NONNULL = YES;
				CLANG_ANALYZER_NUMBER_OBJECT_CONVERSION = YES_AGGRESSIVE;
				CLANG_CXX_LANGUAGE_STANDARD = "gnu++20";
				CLANG_ENABLE_MODULES = YES;
				CLANG_ENABLE_OBJC_ARC = YES;
				CLANG_ENABLE_OBJC_WEAK = YES;
				CLANG_WARN_BLOCK_CAPTURE_AUTORELEASING = YES;
				CLANG_WARN_BOOL_CONVERSION = YES;
				CLANG_WARN_COMMA = YES;
				CLANG_WARN_CONSTANT_CONVERSION = YES;
				CLANG_WARN_DEPRECATED_OBJC_IMPLEMENTATIONS = YES;
				CLANG_WARN_DIRECT_OBJC_ISA_USAGE = YES_ERROR;
				CLANG_WARN_DOCUMENTATION_COMMENTS = YES;
				CLANG_WARN_EMPTY_BODY = YES;
				CLANG_WARN_ENUM_CONVERSION = YES;
				CLANG_WARN_INFINITE_RECURSION = YES;
				CLANG_WARN_INT_CONVERSION = YES;
				CLANG_WARN_NON_LITERAL_NULL_CONVERSION = YES;
				CLANG_WARN_OBJC_IMPLICIT_RETAIN_SELF = YES;
				CLANG_WARN_OBJC_LITERAL_CONVERSION = YES;
				CLANG_WARN_OBJC_ROOT_CLASS = YES_ERROR;
				CLANG_WARN_QUOTED_INCLUDE_IN_FRAMEWORK_HEADER = YES;
				CLANG_WARN_RANGE_LOOP_ANALYSIS = YES;
				CLANG_WARN_STRICT_PROTOTYPES = YES;
				CLANG_WARN_SUSPICIOUS_MOVE = YES;
				CLANG_WARN_UNGUARDED_AVAILABILITY = YES_AGGRESSIVE;
				CLANG_WARN_UNREACHABLE_CODE = YES;
				CLANG_WARN__DUPLICATE_METHOD_MATCH = YES;
				COPY_PHASE_STRIP = NO;
				DEBUG_INFORMATION_FORMAT = dwarf;
				ENABLE_STRICT_OBJC_MSGSEND = YES;
				ENABLE_TESTABILITY = YES;
				ENABLE_USER_SCRIPT_SANDBOXING = YES;
				GCC_C_LANGUAGE_STANDARD = gnu17;
				GCC_DYNAMIC_NO_PIC = NO;
				GCC_NO_COMMON_BLOCKS = YES;
				GCC_OPTIMIZATION_LEVEL = 0;
				GCC_PREPROCESSOR_DEFINITIONS = (
					"DEBUG=1",
					"$(inherited)",
				);
				GCC_WARN_64_TO_32_BIT_CONVERSION = YES;
				GCC_WARN_ABOUT_RETURN_TYPE = YES_ERROR;
				GCC_WARN_UNDECLARED_SELECTOR = YES;
				GCC_WARN_UNINITIALIZED_AUTOS = YES_AGGRESSIVE;
				GCC_WARN_UNUSED_FUNCTION = YES;
				GCC_WARN_UNUSED_VARIABLE = YES;
				IPHONEOS_DEPLOYMENT_TARGET = 17.5;
				LOCALIZATION_PREFERS_STRING_CATALOGS = YES;
				MTL_ENABLE_DEBUG_INFO = INCLUDE_SOURCE;
				MTL_FAST_MATH = YES;
				ONLY_ACTIVE_ARCH = YES;
				SDKROOT = iphoneos;
				SWIFT_ACTIVE_COMPILATION_CONDITIONS = "DEBUG $(inherited)";
				SWIFT_OPTIMIZATION_LEVEL = "-Onone";
			};
			name = Debug;
		};
		4912876B2CC4496100AA4EFC /* Release */ = {
			isa = XCBuildConfiguration;
			buildSettings = {
				ALWAYS_SEARCH_USER_PATHS = NO;
				ASSETCATALOG_COMPILER_GENERATE_SWIFT_ASSET_SYMBOL_EXTENSIONS = YES;
				CLANG_ANALYZER_NONNULL = YES;
				CLANG_ANALYZER_NUMBER_OBJECT_CONVERSION = YES_AGGRESSIVE;
				CLANG_CXX_LANGUAGE_STANDARD = "gnu++20";
				CLANG_ENABLE_MODULES = YES;
				CLANG_ENABLE_OBJC_ARC = YES;
				CLANG_ENABLE_OBJC_WEAK = YES;
				CLANG_WARN_BLOCK_CAPTURE_AUTORELEASING = YES;
				CLANG_WARN_BOOL_CONVERSION = YES;
				CLANG_WARN_COMMA = YES;
				CLANG_WARN_CONSTANT_CONVERSION = YES;
				CLANG_WARN_DEPRECATED_OBJC_IMPLEMENTATIONS = YES;
				CLANG_WARN_DIRECT_OBJC_ISA_USAGE = YES_ERROR;
				CLANG_WARN_DOCUMENTATION_COMMENTS = YES;
				CLANG_WARN_EMPTY_BODY = YES;
				CLANG_WARN_ENUM_CONVERSION = YES;
				CLANG_WARN_INFINITE_RECURSION = YES;
				CLANG_WARN_INT_CONVERSION = YES;
				CLANG_WARN_NON_LITERAL_NULL_CONVERSION = YES;
				CLANG_WARN_OBJC_IMPLICIT_RETAIN_SELF = YES;
				CLANG_WARN_OBJC_LITERAL_CONVERSION = YES;
				CLANG_WARN_OBJC_ROOT_CLASS = YES_ERROR;
				CLANG_WARN_QUOTED_INCLUDE_IN_FRAMEWORK_HEADER = YES;
				CLANG_WARN_RANGE_LOOP_ANALYSIS = YES;
				CLANG_WARN_STRICT_PROTOTYPES = YES;
				CLANG_WARN_SUSPICIOUS_MOVE = YES;
				CLANG_WARN_UNGUARDED_AVAILABILITY = YES_AGGRESSIVE;
				CLANG_WARN_UNREACHABLE_CODE = YES;
				CLANG_WARN__DUPLICATE_METHOD_MATCH = YES;
				COPY_PHASE_STRIP = NO;
				DEBUG_INFORMATION_FORMAT = "dwarf-with-dsym";
				ENABLE_NS_ASSERTIONS = NO;
				ENABLE_STRICT_OBJC_MSGSEND = YES;
				ENABLE_USER_SCRIPT_SANDBOXING = YES;
				GCC_C_LANGUAGE_STANDARD = gnu17;
				GCC_NO_COMMON_BLOCKS = YES;
				GCC_WARN_64_TO_32_BIT_CONVERSION = YES;
				GCC_WARN_ABOUT_RETURN_TYPE = YES_ERROR;
				GCC_WARN_UNDECLARED_SELECTOR = YES;
				GCC_WARN_UNINITIALIZED_AUTOS = YES_AGGRESSIVE;
				GCC_WARN_UNUSED_FUNCTION = YES;
				GCC_WARN_UNUSED_VARIABLE = YES;
				IPHONEOS_DEPLOYMENT_TARGET = 17.5;
				LOCALIZATION_PREFERS_STRING_CATALOGS = YES;
				MTL_ENABLE_DEBUG_INFO = NO;
				MTL_FAST_MATH = YES;
				SDKROOT = iphoneos;
				SWIFT_COMPILATION_MODE = wholemodule;
				VALIDATE_PRODUCT = YES;
			};
			name = Release;
		};
		4912876D2CC4496100AA4EFC /* Debug */ = {
			isa = XCBuildConfiguration;
			buildSettings = {
				ASSETCATALOG_COMPILER_APPICON_NAME = AppIcon;
				ASSETCATALOG_COMPILER_GLOBAL_ACCENT_COLOR_NAME = AccentColor;
				CODE_SIGN_STYLE = Automatic;
				CURRENT_PROJECT_VERSION = 1;
				DEVELOPMENT_ASSET_PATHS = "\"HabitPlus/Preview Content\"";
				DEVELOPMENT_TEAM = 77P2YANQ76;
				ENABLE_PREVIEWS = YES;
				GENERATE_INFOPLIST_FILE = YES;
				INFOPLIST_KEY_UIApplicationSceneManifest_Generation = YES;
				INFOPLIST_KEY_UIApplicationSupportsIndirectInputEvents = YES;
				INFOPLIST_KEY_UILaunchScreen_Generation = YES;
				INFOPLIST_KEY_UISupportedInterfaceOrientations_iPad = "UIInterfaceOrientationPortrait UIInterfaceOrientationPortraitUpsideDown UIInterfaceOrientationLandscapeLeft UIInterfaceOrientationLandscapeRight";
				INFOPLIST_KEY_UISupportedInterfaceOrientations_iPhone = "UIInterfaceOrientationPortrait UIInterfaceOrientationLandscapeLeft UIInterfaceOrientationLandscapeRight";
				IPHONEOS_DEPLOYMENT_TARGET = 14.0;
				LD_RUNPATH_SEARCH_PATHS = (
					"$(inherited)",
					"@executable_path/Frameworks",
				);
				MARKETING_VERSION = 1.0;
				PRODUCT_BUNDLE_IDENTIFIER = com..HabitPlus;
				PRODUCT_NAME = "$(TARGET_NAME)";
				SWIFT_EMIT_LOC_STRINGS = YES;
				SWIFT_VERSION = 5.0;
				TARGETED_DEVICE_FAMILY = "1,2";
			};
			name = Debug;
		};
		4912876E2CC4496100AA4EFC /* Release */ = {
			isa = XCBuildConfiguration;
			buildSettings = {
				ASSETCATALOG_COMPILER_APPICON_NAME = AppIcon;
				ASSETCATALOG_COMPILER_GLOBAL_ACCENT_COLOR_NAME = AccentColor;
				CODE_SIGN_STYLE = Automatic;
				CURRENT_PROJECT_VERSION = 1;
				DEVELOPMENT_ASSET_PATHS = "\"HabitPlus/Preview Content\"";
				DEVELOPMENT_TEAM = 77P2YANQ76;
				ENABLE_PREVIEWS = YES;
				GENERATE_INFOPLIST_FILE = YES;
				INFOPLIST_KEY_UIApplicationSceneManifest_Generation = YES;
				INFOPLIST_KEY_UIApplicationSupportsIndirectInputEvents = YES;
				INFOPLIST_KEY_UILaunchScreen_Generation = YES;
				INFOPLIST_KEY_UISupportedInterfaceOrientations_iPad = "UIInterfaceOrientationPortrait UIInterfaceOrientationPortraitUpsideDown UIInterfaceOrientationLandscapeLeft UIInterfaceOrientationLandscapeRight";
				INFOPLIST_KEY_UISupportedInterfaceOrientations_iPhone = "UIInterfaceOrientationPortrait UIInterfaceOrientationLandscapeLeft UIInterfaceOrientationLandscapeRight";
				IPHONEOS_DEPLOYMENT_TARGET = 14.0;
				LD_RUNPATH_SEARCH_PATHS = (
					"$(inherited)",
					"@executable_path/Frameworks",
				);
				MARKETING_VERSION = 1.0;
				PRODUCT_BUNDLE_IDENTIFIER = com..HabitPlus;
				PRODUCT_NAME = "$(TARGET_NAME)";
				SWIFT_EMIT_LOC_STRINGS = YES;
				SWIFT_VERSION = 5.0;
				TARGETED_DEVICE_FAMILY = "1,2";
			};
			name = Release;
		};
/* End XCBuildConfiguration section */

/* Begin XCConfigurationList section */
		491287592CC4496000AA4EFC /* Build configuration list for PBXProject "HabitPlus" */ = {
			isa = XCConfigurationList;
			buildConfigurations = (
				4912876A2CC4496100AA4EFC /* Debug */,
				4912876B2CC4496100AA4EFC /* Release */,
			);
			defaultConfigurationIsVisible = 0;
			defaultConfigurationName = Release;
		};
		4912876C2CC4496100AA4EFC /* Build configuration list for PBXNativeTarget "HabitPlus" */ = {
			isa = XCConfigurationList;
			buildConfigurations = (
				4912876D2CC4496100AA4EFC /* Debug */,
				4912876E2CC4496100AA4EFC /* Release */,
			);
			defaultConfigurationIsVisible = 0;
			defaultConfigurationName = Release;
		};
/* End XCConfigurationList section */
	};
	rootObject = 491287562CC4496000AA4EFC /* Project object */;
}
