// !$*UTF8*$!
{
	archiveVersion = 1;
	classes = {
	};
	objectVersion = 56;
	objects = {

/* Begin PBXBuildFile section */
		490D82702CEC0E2D00C12CBC /* HabitResponse.swift in Sources */ = {isa = PBXBuildFile; fileRef = 490D826F2CEC0E2D00C12CBC /* HabitResponse.swift */; };
		490D82732CEC0FF800C12CBC /* HabitRemoteDataSource.swift in Sources */ = {isa = PBXBuildFile; fileRef = 490D82722CEC0FF800C12CBC /* HabitRemoteDataSource.swift */; };
		490D82752CEC111900C12CBC /* HabitInteractor.swift in Sources */ = {isa = PBXBuildFile; fileRef = 490D82742CEC111900C12CBC /* HabitInteractor.swift */; };
		490D82772CEC15B000C12CBC /* Date+Extension.swift in Sources */ = {isa = PBXBuildFile; fileRef = 490D82762CEC15B000C12CBC /* Date+Extension.swift */; };
		491287622CC4496000AA4EFC /* HabitPlusApp.swift in Sources */ = {isa = PBXBuildFile; fileRef = 491287612CC4496000AA4EFC /* HabitPlusApp.swift */; };
		491287662CC4496100AA4EFC /* Assets.xcassets in Resources */ = {isa = PBXBuildFile; fileRef = 491287652CC4496100AA4EFC /* Assets.xcassets */; };
		491287692CC4496100AA4EFC /* Preview Assets.xcassets in Resources */ = {isa = PBXBuildFile; fileRef = 491287682CC4496100AA4EFC /* Preview Assets.xcassets */; };
		491287742CC44B2A00AA4EFC /* SplashView.swift in Sources */ = {isa = PBXBuildFile; fileRef = 491287732CC44B2A00AA4EFC /* SplashView.swift */; };
		491287762CC44B6C00AA4EFC /* SplashUIState.swift in Sources */ = {isa = PBXBuildFile; fileRef = 491287752CC44B6C00AA4EFC /* SplashUIState.swift */; };
		491287792CC45E9F00AA4EFC /* SplashViewModel.swift in Sources */ = {isa = PBXBuildFile; fileRef = 491287782CC45E9F00AA4EFC /* SplashViewModel.swift */; };
		4912877F2CC476B500AA4EFC /* SignInView.swift in Sources */ = {isa = PBXBuildFile; fileRef = 4912877E2CC476B500AA4EFC /* SignInView.swift */; };
		491287832CC476E400AA4EFC /* SignInViewModel.swift in Sources */ = {isa = PBXBuildFile; fileRef = 491287822CC476E400AA4EFC /* SignInViewModel.swift */; };
		491287852CC476F300AA4EFC /* SignInModel.swift in Sources */ = {isa = PBXBuildFile; fileRef = 491287842CC476F300AA4EFC /* SignInModel.swift */; };
		491287872CC478BA00AA4EFC /* SplashViewRouter.swift in Sources */ = {isa = PBXBuildFile; fileRef = 491287862CC478BA00AA4EFC /* SplashViewRouter.swift */; };
		49151C7C2CE435B400ECFE79 /* HabitView.swift in Sources */ = {isa = PBXBuildFile; fileRef = 49151C7B2CE435B400ECFE79 /* HabitView.swift */; };
		49151C7E2CE435D100ECFE79 /* HabitViewModel.swift in Sources */ = {isa = PBXBuildFile; fileRef = 49151C7D2CE435D100ECFE79 /* HabitViewModel.swift */; };
		49151C802CE435E800ECFE79 /* HabitUIState.swift in Sources */ = {isa = PBXBuildFile; fileRef = 49151C7F2CE435E800ECFE79 /* HabitUIState.swift */; };
		49151C822CE4365300ECFE79 /* HomeViewRouter.swift in Sources */ = {isa = PBXBuildFile; fileRef = 49151C812CE4365300ECFE79 /* HomeViewRouter.swift */; };
		493316FE2CD311F700B4F280 /* AppError.swift in Sources */ = {isa = PBXBuildFile; fileRef = 493316FD2CD311F700B4F280 /* AppError.swift */; };
		493317012CD3193800B4F280 /* SignUpInteractor.swift in Sources */ = {isa = PBXBuildFile; fileRef = 493317002CD3193800B4F280 /* SignUpInteractor.swift */; };
		493317032CD319B300B4F280 /* SignUpRemoteDataSource.swift in Sources */ = {isa = PBXBuildFile; fileRef = 493317022CD319B300B4F280 /* SignUpRemoteDataSource.swift */; };
		493317052CD31B0100B4F280 /* SignInRemoteDataSource.swift in Sources */ = {isa = PBXBuildFile; fileRef = 493317042CD31B0100B4F280 /* SignInRemoteDataSource.swift */; };
		4950808B2CF01B3B00C8D896 /* HabitDetailView.swift in Sources */ = {isa = PBXBuildFile; fileRef = 4950808A2CF01B3B00C8D896 /* HabitDetailView.swift */; };
		4950808D2CF01B5900C8D896 /* HabitDetailViewModel.swift in Sources */ = {isa = PBXBuildFile; fileRef = 4950808C2CF01B5900C8D896 /* HabitDetailViewModel.swift */; };
		4950808F2CF01BB900C8D896 /* HabitDetailUIState.swift in Sources */ = {isa = PBXBuildFile; fileRef = 4950808E2CF01BB900C8D896 /* HabitDetailUIState.swift */; };
		495080912CF020AB00C8D896 /* HabitCardViewRouter.swift in Sources */ = {isa = PBXBuildFile; fileRef = 495080902CF020AB00C8D896 /* HabitCardViewRouter.swift */; };
		495080942CF0260300C8D896 /* HabitDetailInteractor.swift in Sources */ = {isa = PBXBuildFile; fileRef = 495080932CF0260300C8D896 /* HabitDetailInteractor.swift */; };
		495080962CF0262800C8D896 /* HabitDetailRemoteDataSource.swift in Sources */ = {isa = PBXBuildFile; fileRef = 495080952CF0262800C8D896 /* HabitDetailRemoteDataSource.swift */; };
		495080982CF0274500C8D896 /* HabitValueRequest.swift in Sources */ = {isa = PBXBuildFile; fileRef = 495080972CF0274500C8D896 /* HabitValueRequest.swift */; };
		4951FFDD2CC887C5003175AE /* EditTextView.swift in Sources */ = {isa = PBXBuildFile; fileRef = 4951FFDC2CC887C5003175AE /* EditTextView.swift */; };
		4951FFE12CC88DFF003175AE /* CustomTextFieldStyle.swift in Sources */ = {isa = PBXBuildFile; fileRef = 4951FFE02CC88DFF003175AE /* CustomTextFieldStyle.swift */; };
		496E4CB02CD0527C00219AA8 /* WebService.swift in Sources */ = {isa = PBXBuildFile; fileRef = 496E4CAF2CD0527C00219AA8 /* WebService.swift */; };
		496E4CB22CD0678A00219AA8 /* SignUpRequest.swift in Sources */ = {isa = PBXBuildFile; fileRef = 496E4CB12CD0678A00219AA8 /* SignUpRequest.swift */; };
		496E4CB42CD0773400219AA8 /* SignUpResponse.swift in Sources */ = {isa = PBXBuildFile; fileRef = 496E4CB32CD0773400219AA8 /* SignUpResponse.swift */; };
		496E4CB62CD078F900219AA8 /* ErrorResponse.swift in Sources */ = {isa = PBXBuildFile; fileRef = 496E4CB52CD078F900219AA8 /* ErrorResponse.swift */; };
		496E4CB82CD0800600219AA8 /* SignInResponse.swift in Sources */ = {isa = PBXBuildFile; fileRef = 496E4CB72CD0800600219AA8 /* SignInResponse.swift */; };
		496E4CBA2CD0810A00219AA8 /* SignInRequest.swift in Sources */ = {isa = PBXBuildFile; fileRef = 496E4CB92CD0810A00219AA8 /* SignInRequest.swift */; };
		497037712CE5804500A9F885 /* ButtonStyles.swift in Sources */ = {isa = PBXBuildFile; fileRef = 497037702CE5804500A9F885 /* ButtonStyles.swift */; };
		497037732CE583EB00A9F885 /* HabitCardViewModel.swift in Sources */ = {isa = PBXBuildFile; fileRef = 497037722CE583EB00A9F885 /* HabitCardViewModel.swift */; };
		497037752CE5883A00A9F885 /* HabitCardView.swift in Sources */ = {isa = PBXBuildFile; fileRef = 497037742CE5883A00A9F885 /* HabitCardView.swift */; };
		497037772CE5982400A9F885 /* View+Extension.swift in Sources */ = {isa = PBXBuildFile; fileRef = 497037762CE5982300A9F885 /* View+Extension.swift */; };
		498E2A302CC4B29000D33A70 /* SignInViewRouter.swift in Sources */ = {isa = PBXBuildFile; fileRef = 498E2A2F2CC4B29000D33A70 /* SignInViewRouter.swift */; };
		498E2A372CC4B3DB00D33A70 /* HomeView.swift in Sources */ = {isa = PBXBuildFile; fileRef = 498E2A362CC4B3DB00D33A70 /* HomeView.swift */; };
		498E2A392CC4B3F500D33A70 /* HomeViewModel.swift in Sources */ = {isa = PBXBuildFile; fileRef = 498E2A382CC4B3F500D33A70 /* HomeViewModel.swift */; };
		498E2A3B2CC4B40300D33A70 /* HomeModel.swift in Sources */ = {isa = PBXBuildFile; fileRef = 498E2A3A2CC4B40300D33A70 /* HomeModel.swift */; };
		498E2A412CC4BBCC00D33A70 /* SignUpView.swift in Sources */ = {isa = PBXBuildFile; fileRef = 498E2A402CC4BBCC00D33A70 /* SignUpView.swift */; };
		498E2A472CC4BC2300D33A70 /* SignUpModel.swift in Sources */ = {isa = PBXBuildFile; fileRef = 498E2A462CC4BC2300D33A70 /* SignUpModel.swift */; };
		498E2A492CC4BC3D00D33A70 /* SignUpViewModel.swift in Sources */ = {isa = PBXBuildFile; fileRef = 498E2A482CC4BC3D00D33A70 /* SignUpViewModel.swift */; };
		49B962F12CCC7C640029A46C /* String+Extension.swift in Sources */ = {isa = PBXBuildFile; fileRef = 49B962F02CCC7C640029A46C /* String+Extension.swift */; };
		49B962F32CCC81980029A46C /* CustomButton.swift in Sources */ = {isa = PBXBuildFile; fileRef = 49B962F22CCC81980029A46C /* CustomButton.swift */; };
		49BAA1FF2CC71D0A00BBCDDF /* Gender.swift in Sources */ = {isa = PBXBuildFile; fileRef = 49BAA1FE2CC71D0A00BBCDDF /* Gender.swift */; };
		49BAA2012CC7257700BBCDDF /* SignUpViewRouter.swift in Sources */ = {isa = PBXBuildFile; fileRef = 49BAA2002CC7257700BBCDDF /* SignUpViewRouter.swift */; };
		49DA84912CD1CB6900E55BD4 /* SignInErrorResponse.swift in Sources */ = {isa = PBXBuildFile; fileRef = 49DA84902CD1CB6900E55BD4 /* SignInErrorResponse.swift */; };
		49DA84942CD1D0FA00E55BD4 /* SignInInteractor.swift in Sources */ = {isa = PBXBuildFile; fileRef = 49DA84932CD1D0FA00E55BD4 /* SignInInteractor.swift */; };
		49F97C2C2CD46F90000A4B25 /* UserAuth.swift in Sources */ = {isa = PBXBuildFile; fileRef = 49F97C2B2CD46F90000A4B25 /* UserAuth.swift */; };
		49F97C2E2CD4700B000A4B25 /* LocalDataSource.swift in Sources */ = {isa = PBXBuildFile; fileRef = 49F97C2D2CD4700B000A4B25 /* LocalDataSource.swift */; };
		49F97C312CD475B2000A4B25 /* SplashInteractor.swift in Sources */ = {isa = PBXBuildFile; fileRef = 49F97C302CD475B2000A4B25 /* SplashInteractor.swift */; };
		49F97C332CD47ED1000A4B25 /* RefreshRequest.swift in Sources */ = {isa = PBXBuildFile; fileRef = 49F97C322CD47ED1000A4B25 /* RefreshRequest.swift */; };
		49F97C352CD48143000A4B25 /* SplashRemoteDataSource.swift in Sources */ = {isa = PBXBuildFile; fileRef = 49F97C342CD48143000A4B25 /* SplashRemoteDataSource.swift */; };
/* End PBXBuildFile section */

/* Begin PBXFileReference section */
		490D826F2CEC0E2D00C12CBC /* HabitResponse.swift */ = {isa = PBXFileReference; lastKnownFileType = sourcecode.swift; path = HabitResponse.swift; sourceTree = "<group>"; };
		490D82722CEC0FF800C12CBC /* HabitRemoteDataSource.swift */ = {isa = PBXFileReference; lastKnownFileType = sourcecode.swift; path = HabitRemoteDataSource.swift; sourceTree = "<group>"; };
		490D82742CEC111900C12CBC /* HabitInteractor.swift */ = {isa = PBXFileReference; lastKnownFileType = sourcecode.swift; path = HabitInteractor.swift; sourceTree = "<group>"; };
		490D82762CEC15B000C12CBC /* Date+Extension.swift */ = {isa = PBXFileReference; lastKnownFileType = sourcecode.swift; path = "Date+Extension.swift"; sourceTree = "<group>"; };
		4912875E2CC4496000AA4EFC /* HabitPlus.app */ = {isa = PBXFileReference; explicitFileType = wrapper.application; includeInIndex = 0; path = HabitPlus.app; sourceTree = BUILT_PRODUCTS_DIR; };
		491287612CC4496000AA4EFC /* HabitPlusApp.swift */ = {isa = PBXFileReference; lastKnownFileType = sourcecode.swift; path = HabitPlusApp.swift; sourceTree = "<group>"; };
		491287652CC4496100AA4EFC /* Assets.xcassets */ = {isa = PBXFileReference; lastKnownFileType = folder.assetcatalog; path = Assets.xcassets; sourceTree = "<group>"; };
		491287682CC4496100AA4EFC /* Preview Assets.xcassets */ = {isa = PBXFileReference; lastKnownFileType = folder.assetcatalog; path = "Preview Assets.xcassets"; sourceTree = "<group>"; };
		491287732CC44B2A00AA4EFC /* SplashView.swift */ = {isa = PBXFileReference; lastKnownFileType = sourcecode.swift; path = SplashView.swift; sourceTree = "<group>"; };
		491287752CC44B6C00AA4EFC /* SplashUIState.swift */ = {isa = PBXFileReference; lastKnownFileType = sourcecode.swift; path = SplashUIState.swift; sourceTree = "<group>"; };
		491287782CC45E9F00AA4EFC /* SplashViewModel.swift */ = {isa = PBXFileReference; lastKnownFileType = sourcecode.swift; path = SplashViewModel.swift; sourceTree = "<group>"; };
		4912877E2CC476B500AA4EFC /* SignInView.swift */ = {isa = PBXFileReference; lastKnownFileType = sourcecode.swift; path = SignInView.swift; sourceTree = "<group>"; };
		491287822CC476E400AA4EFC /* SignInViewModel.swift */ = {isa = PBXFileReference; lastKnownFileType = sourcecode.swift; path = SignInViewModel.swift; sourceTree = "<group>"; };
		491287842CC476F300AA4EFC /* SignInModel.swift */ = {isa = PBXFileReference; lastKnownFileType = sourcecode.swift; path = SignInModel.swift; sourceTree = "<group>"; };
		491287862CC478BA00AA4EFC /* SplashViewRouter.swift */ = {isa = PBXFileReference; lastKnownFileType = sourcecode.swift; path = SplashViewRouter.swift; sourceTree = "<group>"; };
		49151C7B2CE435B400ECFE79 /* HabitView.swift */ = {isa = PBXFileReference; lastKnownFileType = sourcecode.swift; path = HabitView.swift; sourceTree = "<group>"; };
		49151C7D2CE435D100ECFE79 /* HabitViewModel.swift */ = {isa = PBXFileReference; lastKnownFileType = sourcecode.swift; path = HabitViewModel.swift; sourceTree = "<group>"; };
		49151C7F2CE435E800ECFE79 /* HabitUIState.swift */ = {isa = PBXFileReference; lastKnownFileType = sourcecode.swift; path = HabitUIState.swift; sourceTree = "<group>"; };
		49151C812CE4365300ECFE79 /* HomeViewRouter.swift */ = {isa = PBXFileReference; lastKnownFileType = sourcecode.swift; path = HomeViewRouter.swift; sourceTree = "<group>"; };
		493316FD2CD311F700B4F280 /* AppError.swift */ = {isa = PBXFileReference; lastKnownFileType = sourcecode.swift; path = AppError.swift; sourceTree = "<group>"; };
		493317002CD3193800B4F280 /* SignUpInteractor.swift */ = {isa = PBXFileReference; lastKnownFileType = sourcecode.swift; path = SignUpInteractor.swift; sourceTree = "<group>"; };
		493317022CD319B300B4F280 /* SignUpRemoteDataSource.swift */ = {isa = PBXFileReference; lastKnownFileType = sourcecode.swift; path = SignUpRemoteDataSource.swift; sourceTree = "<group>"; };
		493317042CD31B0100B4F280 /* SignInRemoteDataSource.swift */ = {isa = PBXFileReference; lastKnownFileType = sourcecode.swift; path = SignInRemoteDataSource.swift; sourceTree = "<group>"; };
		4950808A2CF01B3B00C8D896 /* HabitDetailView.swift */ = {isa = PBXFileReference; lastKnownFileType = sourcecode.swift; path = HabitDetailView.swift; sourceTree = "<group>"; };
		4950808C2CF01B5900C8D896 /* HabitDetailViewModel.swift */ = {isa = PBXFileReference; lastKnownFileType = sourcecode.swift; path = HabitDetailViewModel.swift; sourceTree = "<group>"; };
		4950808E2CF01BB900C8D896 /* HabitDetailUIState.swift */ = {isa = PBXFileReference; lastKnownFileType = sourcecode.swift; path = HabitDetailUIState.swift; sourceTree = "<group>"; };
		495080902CF020AB00C8D896 /* HabitCardViewRouter.swift */ = {isa = PBXFileReference; lastKnownFileType = sourcecode.swift; path = HabitCardViewRouter.swift; sourceTree = "<group>"; };
		495080932CF0260300C8D896 /* HabitDetailInteractor.swift */ = {isa = PBXFileReference; lastKnownFileType = sourcecode.swift; path = HabitDetailInteractor.swift; sourceTree = "<group>"; };
		495080952CF0262800C8D896 /* HabitDetailRemoteDataSource.swift */ = {isa = PBXFileReference; lastKnownFileType = sourcecode.swift; path = HabitDetailRemoteDataSource.swift; sourceTree = "<group>"; };
		495080972CF0274500C8D896 /* HabitValueRequest.swift */ = {isa = PBXFileReference; lastKnownFileType = sourcecode.swift; path = HabitValueRequest.swift; sourceTree = "<group>"; };
		4951FFDC2CC887C5003175AE /* EditTextView.swift */ = {isa = PBXFileReference; lastKnownFileType = sourcecode.swift; path = EditTextView.swift; sourceTree = "<group>"; wrapsLines = 1; };
		4951FFE02CC88DFF003175AE /* CustomTextFieldStyle.swift */ = {isa = PBXFileReference; lastKnownFileType = sourcecode.swift; path = CustomTextFieldStyle.swift; sourceTree = "<group>"; };
		496E4CAF2CD0527C00219AA8 /* WebService.swift */ = {isa = PBXFileReference; lastKnownFileType = sourcecode.swift; path = WebService.swift; sourceTree = "<group>"; };
		496E4CB12CD0678A00219AA8 /* SignUpRequest.swift */ = {isa = PBXFileReference; lastKnownFileType = sourcecode.swift; path = SignUpRequest.swift; sourceTree = "<group>"; };
		496E4CB32CD0773400219AA8 /* SignUpResponse.swift */ = {isa = PBXFileReference; lastKnownFileType = sourcecode.swift; path = SignUpResponse.swift; sourceTree = "<group>"; };
		496E4CB52CD078F900219AA8 /* ErrorResponse.swift */ = {isa = PBXFileReference; lastKnownFileType = sourcecode.swift; path = ErrorResponse.swift; sourceTree = "<group>"; };
		496E4CB72CD0800600219AA8 /* SignInResponse.swift */ = {isa = PBXFileReference; lastKnownFileType = sourcecode.swift; path = SignInResponse.swift; sourceTree = "<group>"; };
		496E4CB92CD0810A00219AA8 /* SignInRequest.swift */ = {isa = PBXFileReference; lastKnownFileType = sourcecode.swift; path = SignInRequest.swift; sourceTree = "<group>"; };
		497037702CE5804500A9F885 /* ButtonStyles.swift */ = {isa = PBXFileReference; lastKnownFileType = sourcecode.swift; path = ButtonStyles.swift; sourceTree = "<group>"; };
		497037722CE583EB00A9F885 /* HabitCardViewModel.swift */ = {isa = PBXFileReference; lastKnownFileType = sourcecode.swift; path = HabitCardViewModel.swift; sourceTree = "<group>"; };
		497037742CE5883A00A9F885 /* HabitCardView.swift */ = {isa = PBXFileReference; lastKnownFileType = sourcecode.swift; path = HabitCardView.swift; sourceTree = "<group>"; };
		497037762CE5982300A9F885 /* View+Extension.swift */ = {isa = PBXFileReference; lastKnownFileType = sourcecode.swift; path = "View+Extension.swift"; sourceTree = "<group>"; };
		498E2A2F2CC4B29000D33A70 /* SignInViewRouter.swift */ = {isa = PBXFileReference; lastKnownFileType = sourcecode.swift; path = SignInViewRouter.swift; sourceTree = "<group>"; };
		498E2A362CC4B3DB00D33A70 /* HomeView.swift */ = {isa = PBXFileReference; lastKnownFileType = sourcecode.swift; path = HomeView.swift; sourceTree = "<group>"; };
		498E2A382CC4B3F500D33A70 /* HomeViewModel.swift */ = {isa = PBXFileReference; lastKnownFileType = sourcecode.swift; path = HomeViewModel.swift; sourceTree = "<group>"; };
		498E2A3A2CC4B40300D33A70 /* HomeModel.swift */ = {isa = PBXFileReference; lastKnownFileType = sourcecode.swift; path = HomeModel.swift; sourceTree = "<group>"; };
		498E2A402CC4BBCC00D33A70 /* SignUpView.swift */ = {isa = PBXFileReference; lastKnownFileType = sourcecode.swift; path = SignUpView.swift; sourceTree = "<group>"; };
		498E2A462CC4BC2300D33A70 /* SignUpModel.swift */ = {isa = PBXFileReference; lastKnownFileType = sourcecode.swift; path = SignUpModel.swift; sourceTree = "<group>"; };
		498E2A482CC4BC3D00D33A70 /* SignUpViewModel.swift */ = {isa = PBXFileReference; lastKnownFileType = sourcecode.swift; path = SignUpViewModel.swift; sourceTree = "<group>"; };
		49B962F02CCC7C640029A46C /* String+Extension.swift */ = {isa = PBXFileReference; lastKnownFileType = sourcecode.swift; path = "String+Extension.swift"; sourceTree = "<group>"; };
		49B962F22CCC81980029A46C /* CustomButton.swift */ = {isa = PBXFileReference; lastKnownFileType = sourcecode.swift; path = CustomButton.swift; sourceTree = "<group>"; };
		49BAA1FE2CC71D0A00BBCDDF /* Gender.swift */ = {isa = PBXFileReference; lastKnownFileType = sourcecode.swift; path = Gender.swift; sourceTree = "<group>"; };
		49BAA2002CC7257700BBCDDF /* SignUpViewRouter.swift */ = {isa = PBXFileReference; lastKnownFileType = sourcecode.swift; path = SignUpViewRouter.swift; sourceTree = "<group>"; };
		49DA84902CD1CB6900E55BD4 /* SignInErrorResponse.swift */ = {isa = PBXFileReference; lastKnownFileType = sourcecode.swift; path = SignInErrorResponse.swift; sourceTree = "<group>"; };
		49DA84932CD1D0FA00E55BD4 /* SignInInteractor.swift */ = {isa = PBXFileReference; lastKnownFileType = sourcecode.swift; path = SignInInteractor.swift; sourceTree = "<group>"; };
		49F97C2B2CD46F90000A4B25 /* UserAuth.swift */ = {isa = PBXFileReference; lastKnownFileType = sourcecode.swift; path = UserAuth.swift; sourceTree = "<group>"; };
		49F97C2D2CD4700B000A4B25 /* LocalDataSource.swift */ = {isa = PBXFileReference; lastKnownFileType = sourcecode.swift; path = LocalDataSource.swift; sourceTree = "<group>"; };
		49F97C302CD475B2000A4B25 /* SplashInteractor.swift */ = {isa = PBXFileReference; lastKnownFileType = sourcecode.swift; path = SplashInteractor.swift; sourceTree = "<group>"; };
		49F97C322CD47ED1000A4B25 /* RefreshRequest.swift */ = {isa = PBXFileReference; lastKnownFileType = sourcecode.swift; path = RefreshRequest.swift; sourceTree = "<group>"; };
		49F97C342CD48143000A4B25 /* SplashRemoteDataSource.swift */ = {isa = PBXFileReference; lastKnownFileType = sourcecode.swift; path = SplashRemoteDataSource.swift; sourceTree = "<group>"; };
/* End PBXFileReference section */

/* Begin PBXFrameworksBuildPhase section */
		4912875B2CC4496000AA4EFC /* Frameworks */ = {
			isa = PBXFrameworksBuildPhase;
			buildActionMask = 2147483647;
			files = (
			);
			runOnlyForDeploymentPostprocessing = 0;
		};
/* End PBXFrameworksBuildPhase section */

/* Begin PBXGroup section */
		490D82712CEC0FC200C12CBC /* Interactor */ = {
			isa = PBXGroup;
			children = (
				490D82722CEC0FF800C12CBC /* HabitRemoteDataSource.swift */,
				490D82742CEC111900C12CBC /* HabitInteractor.swift */,
			);
			path = Interactor;
			sourceTree = "<group>";
		};
		491287552CC4496000AA4EFC = {
			isa = PBXGroup;
			children = (
				491287602CC4496000AA4EFC /* HabitPlus */,
				4912875F2CC4496000AA4EFC /* Products */,
			);
			sourceTree = "<group>";
		};
		4912875F2CC4496000AA4EFC /* Products */ = {
			isa = PBXGroup;
			children = (
				4912875E2CC4496000AA4EFC /* HabitPlus.app */,
			);
			name = Products;
			sourceTree = "<group>";
		};
		491287602CC4496000AA4EFC /* HabitPlus */ = {
			isa = PBXGroup;
			children = (
				49BAA1FC2CC71CEB00BBCDDF /* Common */,
				495080862CF01AD800C8D896 /* HabitDetail */,
				49151C772CE4354B00ECFE79 /* Habit */,
				498E2A3C2CC4BB9800D33A70 /* SignUp */,
				498E2A312CC4B38700D33A70 /* Home */,
				4912877A2CC4767900AA4EFC /* SignIn */,
				4912876F2CC44AC300AA4EFC /* Splash */,
				491287612CC4496000AA4EFC /* HabitPlusApp.swift */,
				491287652CC4496100AA4EFC /* Assets.xcassets */,
				491287672CC4496100AA4EFC /* Preview Content */,
			);
			path = HabitPlus;
			sourceTree = "<group>";
		};
		491287672CC4496100AA4EFC /* Preview Content */ = {
			isa = PBXGroup;
			children = (
				491287682CC4496100AA4EFC /* Preview Assets.xcassets */,
			);
			path = "Preview Content";
			sourceTree = "<group>";
		};
		4912876F2CC44AC300AA4EFC /* Splash */ = {
			isa = PBXGroup;
			children = (
				49F97C2F2CD47570000A4B25 /* Interactor */,
				491287702CC44ACC00AA4EFC /* Model */,
				491287772CC45E8700AA4EFC /* ViewModel */,
				491287722CC44B0400AA4EFC /* View */,
			);
			path = Splash;
			sourceTree = "<group>";
		};
		491287702CC44ACC00AA4EFC /* Model */ = {
			isa = PBXGroup;
			children = (
				491287752CC44B6C00AA4EFC /* SplashUIState.swift */,
				49F97C322CD47ED1000A4B25 /* RefreshRequest.swift */,
			);
			path = Model;
			sourceTree = "<group>";
		};
		491287722CC44B0400AA4EFC /* View */ = {
			isa = PBXGroup;
			children = (
				491287732CC44B2A00AA4EFC /* SplashView.swift */,
			);
			path = View;
			sourceTree = "<group>";
		};
		491287772CC45E8700AA4EFC /* ViewModel */ = {
			isa = PBXGroup;
			children = (
				491287782CC45E9F00AA4EFC /* SplashViewModel.swift */,
				491287862CC478BA00AA4EFC /* SplashViewRouter.swift */,
			);
			path = ViewModel;
			sourceTree = "<group>";
		};
		4912877A2CC4767900AA4EFC /* SignIn */ = {
			isa = PBXGroup;
			children = (
				49DA84922CD1D0CC00E55BD4 /* Interactor */,
				4912877B2CC4768C00AA4EFC /* Model */,
				4912877C2CC4769200AA4EFC /* ViewModel */,
				4912877D2CC4769D00AA4EFC /* View */,
			);
			path = SignIn;
			sourceTree = "<group>";
		};
		4912877B2CC4768C00AA4EFC /* Model */ = {
			isa = PBXGroup;
			children = (
				491287842CC476F300AA4EFC /* SignInModel.swift */,
				496E4CB72CD0800600219AA8 /* SignInResponse.swift */,
				496E4CB92CD0810A00219AA8 /* SignInRequest.swift */,
				49DA84902CD1CB6900E55BD4 /* SignInErrorResponse.swift */,
			);
			path = Model;
			sourceTree = "<group>";
		};
		4912877C2CC4769200AA4EFC /* ViewModel */ = {
			isa = PBXGroup;
			children = (
				491287822CC476E400AA4EFC /* SignInViewModel.swift */,
				498E2A2F2CC4B29000D33A70 /* SignInViewRouter.swift */,
			);
			path = ViewModel;
			sourceTree = "<group>";
		};
		4912877D2CC4769D00AA4EFC /* View */ = {
			isa = PBXGroup;
			children = (
				4912877E2CC476B500AA4EFC /* SignInView.swift */,
			);
			path = View;
			sourceTree = "<group>";
		};
		49151C772CE4354B00ECFE79 /* Habit */ = {
			isa = PBXGroup;
			children = (
				490D82712CEC0FC200C12CBC /* Interactor */,
				49151C782CE4355700ECFE79 /* Model */,
				49151C7A2CE4356800ECFE79 /* ViewModel */,
				49151C792CE4355F00ECFE79 /* View */,
			);
			path = Habit;
			sourceTree = "<group>";
		};
		49151C782CE4355700ECFE79 /* Model */ = {
			isa = PBXGroup;
			children = (
				49151C7F2CE435E800ECFE79 /* HabitUIState.swift */,
				490D826F2CEC0E2D00C12CBC /* HabitResponse.swift */,
			);
			path = Model;
			sourceTree = "<group>";
		};
		49151C792CE4355F00ECFE79 /* View */ = {
			isa = PBXGroup;
			children = (
				49151C7B2CE435B400ECFE79 /* HabitView.swift */,
				497037742CE5883A00A9F885 /* HabitCardView.swift */,
			);
			path = View;
			sourceTree = "<group>";
		};
		49151C7A2CE4356800ECFE79 /* ViewModel */ = {
			isa = PBXGroup;
			children = (
				49151C7D2CE435D100ECFE79 /* HabitViewModel.swift */,
				497037722CE583EB00A9F885 /* HabitCardViewModel.swift */,
				495080902CF020AB00C8D896 /* HabitCardViewRouter.swift */,
			);
			path = ViewModel;
			sourceTree = "<group>";
		};
		493316FF2CD3192700B4F280 /* Interactor */ = {
			isa = PBXGroup;
			children = (
				493317002CD3193800B4F280 /* SignUpInteractor.swift */,
				493317022CD319B300B4F280 /* SignUpRemoteDataSource.swift */,
			);
			path = Interactor;
			sourceTree = "<group>";
		};
		495080862CF01AD800C8D896 /* HabitDetail */ = {
			isa = PBXGroup;
			children = (
				495080922CF025EC00C8D896 /* Interactor */,
				495080892CF01B0100C8D896 /* Model */,
				495080882CF01AF600C8D896 /* ViewModel */,
				495080872CF01AF000C8D896 /* View */,
			);
			path = HabitDetail;
			sourceTree = "<group>";
		};
		495080872CF01AF000C8D896 /* View */ = {
			isa = PBXGroup;
			children = (
				4950808A2CF01B3B00C8D896 /* HabitDetailView.swift */,
			);
			path = View;
			sourceTree = "<group>";
		};
		495080882CF01AF600C8D896 /* ViewModel */ = {
			isa = PBXGroup;
			children = (
				4950808C2CF01B5900C8D896 /* HabitDetailViewModel.swift */,
				495080972CF0274500C8D896 /* HabitValueRequest.swift */,
			);
			path = ViewModel;
			sourceTree = "<group>";
		};
		495080892CF01B0100C8D896 /* Model */ = {
			isa = PBXGroup;
			children = (
				4950808E2CF01BB900C8D896 /* HabitDetailUIState.swift */,
			);
			path = Model;
			sourceTree = "<group>";
		};
		495080922CF025EC00C8D896 /* Interactor */ = {
			isa = PBXGroup;
			children = (
				495080932CF0260300C8D896 /* HabitDetailInteractor.swift */,
				495080952CF0262800C8D896 /* HabitDetailRemoteDataSource.swift */,
			);
			path = Interactor;
			sourceTree = "<group>";
		};
		4951FFDB2CC8879F003175AE /* View */ = {
			isa = PBXGroup;
			children = (
				4970376F2CE5801800A9F885 /* Modifier */,
				4951FFDF2CC88DDF003175AE /* Style */,
				4951FFDC2CC887C5003175AE /* EditTextView.swift */,
				49B962F22CCC81980029A46C /* CustomButton.swift */,
			);
			path = View;
			sourceTree = "<group>";
		};
		4951FFDF2CC88DDF003175AE /* Style */ = {
			isa = PBXGroup;
			children = (
				4951FFE02CC88DFF003175AE /* CustomTextFieldStyle.swift */,
			);
			path = Style;
			sourceTree = "<group>";
		};
		496E4CAE2CD0524200219AA8 /* Network */ = {
			isa = PBXGroup;
			children = (
				496E4CAF2CD0527C00219AA8 /* WebService.swift */,
				49F97C2D2CD4700B000A4B25 /* LocalDataSource.swift */,
			);
			path = Network;
			sourceTree = "<group>";
		};
		4970376F2CE5801800A9F885 /* Modifier */ = {
			isa = PBXGroup;
			children = (
				497037702CE5804500A9F885 /* ButtonStyles.swift */,
			);
			path = Modifier;
			sourceTree = "<group>";
		};
		497037782CE598C500A9F885 /* Extensions */ = {
			isa = PBXGroup;
			children = (
				497037762CE5982300A9F885 /* View+Extension.swift */,
				49B962F02CCC7C640029A46C /* String+Extension.swift */,
				490D82762CEC15B000C12CBC /* Date+Extension.swift */,
			);
			path = Extensions;
			sourceTree = "<group>";
		};
		498E2A312CC4B38700D33A70 /* Home */ = {
			isa = PBXGroup;
			children = (
				498E2A332CC4B3AB00D33A70 /* Model */,
				498E2A342CC4B3B200D33A70 /* ViewModel */,
				498E2A352CC4B3BC00D33A70 /* View */,
			);
			path = Home;
			sourceTree = "<group>";
		};
		498E2A332CC4B3AB00D33A70 /* Model */ = {
			isa = PBXGroup;
			children = (
				498E2A3A2CC4B40300D33A70 /* HomeModel.swift */,
			);
			path = Model;
			sourceTree = "<group>";
		};
		498E2A342CC4B3B200D33A70 /* ViewModel */ = {
			isa = PBXGroup;
			children = (
				498E2A382CC4B3F500D33A70 /* HomeViewModel.swift */,
				49151C812CE4365300ECFE79 /* HomeViewRouter.swift */,
			);
			path = ViewModel;
			sourceTree = "<group>";
		};
		498E2A352CC4B3BC00D33A70 /* View */ = {
			isa = PBXGroup;
			children = (
				498E2A362CC4B3DB00D33A70 /* HomeView.swift */,
			);
			path = View;
			sourceTree = "<group>";
		};
		498E2A3C2CC4BB9800D33A70 /* SignUp */ = {
			isa = PBXGroup;
			children = (
				493316FF2CD3192700B4F280 /* Interactor */,
				498E2A3D2CC4BBA900D33A70 /* Model */,
				498E2A3E2CC4BBB000D33A70 /* ViewModel */,
				498E2A3F2CC4BBB900D33A70 /* View */,
			);
			path = SignUp;
			sourceTree = "<group>";
		};
		498E2A3D2CC4BBA900D33A70 /* Model */ = {
			isa = PBXGroup;
			children = (
				498E2A462CC4BC2300D33A70 /* SignUpModel.swift */,
				496E4CB12CD0678A00219AA8 /* SignUpRequest.swift */,
				496E4CB32CD0773400219AA8 /* SignUpResponse.swift */,
			);
			path = Model;
			sourceTree = "<group>";
		};
		498E2A3E2CC4BBB000D33A70 /* ViewModel */ = {
			isa = PBXGroup;
			children = (
				498E2A482CC4BC3D00D33A70 /* SignUpViewModel.swift */,
				49BAA2002CC7257700BBCDDF /* SignUpViewRouter.swift */,
			);
			path = ViewModel;
			sourceTree = "<group>";
		};
		498E2A3F2CC4BBB900D33A70 /* View */ = {
			isa = PBXGroup;
			children = (
				498E2A402CC4BBCC00D33A70 /* SignUpView.swift */,
			);
			path = View;
			sourceTree = "<group>";
		};
		49BAA1FC2CC71CEB00BBCDDF /* Common */ = {
			isa = PBXGroup;
			children = (
				497037782CE598C500A9F885 /* Extensions */,
				496E4CAE2CD0524200219AA8 /* Network */,
				4951FFDB2CC8879F003175AE /* View */,
				49BAA1FD2CC71CF300BBCDDF /* Model */,
			);
			path = Common;
			sourceTree = "<group>";
		};
		49BAA1FD2CC71CF300BBCDDF /* Model */ = {
			isa = PBXGroup;
			children = (
				49BAA1FE2CC71D0A00BBCDDF /* Gender.swift */,
				496E4CB52CD078F900219AA8 /* ErrorResponse.swift */,
				493316FD2CD311F700B4F280 /* AppError.swift */,
				49F97C2B2CD46F90000A4B25 /* UserAuth.swift */,
			);
			path = Model;
			sourceTree = "<group>";
		};
		49DA84922CD1D0CC00E55BD4 /* Interactor */ = {
			isa = PBXGroup;
			children = (
				49DA84932CD1D0FA00E55BD4 /* SignInInteractor.swift */,
				493317042CD31B0100B4F280 /* SignInRemoteDataSource.swift */,
			);
			path = Interactor;
			sourceTree = "<group>";
		};
		49F97C2F2CD47570000A4B25 /* Interactor */ = {
			isa = PBXGroup;
			children = (
				49F97C302CD475B2000A4B25 /* SplashInteractor.swift */,
				49F97C342CD48143000A4B25 /* SplashRemoteDataSource.swift */,
			);
			path = Interactor;
			sourceTree = "<group>";
		};
/* End PBXGroup section */

/* Begin PBXNativeTarget section */
		4912875D2CC4496000AA4EFC /* HabitPlus */ = {
			isa = PBXNativeTarget;
			buildConfigurationList = 4912876C2CC4496100AA4EFC /* Build configuration list for PBXNativeTarget "HabitPlus" */;
			buildPhases = (
				4912875A2CC4496000AA4EFC /* Sources */,
				4912875B2CC4496000AA4EFC /* Frameworks */,
				4912875C2CC4496000AA4EFC /* Resources */,
			);
			buildRules = (
			);
			dependencies = (
			);
			name = HabitPlus;
			productName = HabitPlus;
			productReference = 4912875E2CC4496000AA4EFC /* HabitPlus.app */;
			productType = "com.apple.product-type.application";
		};
/* End PBXNativeTarget section */

/* Begin PBXProject section */
		491287562CC4496000AA4EFC /* Project object */ = {
			isa = PBXProject;
			attributes = {
				BuildIndependentTargetsInParallel = 1;
				LastSwiftUpdateCheck = 1540;
				LastUpgradeCheck = 1540;
				TargetAttributes = {
					4912875D2CC4496000AA4EFC = {
						CreatedOnToolsVersion = 15.4;
					};
				};
			};
			buildConfigurationList = 491287592CC4496000AA4EFC /* Build configuration list for PBXProject "HabitPlus" */;
			compatibilityVersion = "Xcode 14.0";
			developmentRegion = en;
			hasScannedForEncodings = 0;
			knownRegions = (
				en,
				Base,
			);
			mainGroup = 491287552CC4496000AA4EFC;
			productRefGroup = 4912875F2CC4496000AA4EFC /* Products */;
			projectDirPath = "";
			projectRoot = "";
			targets = (
				4912875D2CC4496000AA4EFC /* HabitPlus */,
			);
		};
/* End PBXProject section */

/* Begin PBXResourcesBuildPhase section */
		4912875C2CC4496000AA4EFC /* Resources */ = {
			isa = PBXResourcesBuildPhase;
			buildActionMask = 2147483647;
			files = (
				491287692CC4496100AA4EFC /* Preview Assets.xcassets in Resources */,
				491287662CC4496100AA4EFC /* Assets.xcassets in Resources */,
			);
			runOnlyForDeploymentPostprocessing = 0;
		};
/* End PBXResourcesBuildPhase section */

/* Begin PBXSourcesBuildPhase section */
		4912875A2CC4496000AA4EFC /* Sources */ = {
			isa = PBXSourcesBuildPhase;
			buildActionMask = 2147483647;
			files = (
				496E4CB02CD0527C00219AA8 /* WebService.swift in Sources */,
				491287872CC478BA00AA4EFC /* SplashViewRouter.swift in Sources */,
				493317012CD3193800B4F280 /* SignUpInteractor.swift in Sources */,
				49B962F12CCC7C640029A46C /* String+Extension.swift in Sources */,
				490D82752CEC111900C12CBC /* HabitInteractor.swift in Sources */,
				4950808B2CF01B3B00C8D896 /* HabitDetailView.swift in Sources */,
				498E2A392CC4B3F500D33A70 /* HomeViewModel.swift in Sources */,
				496E4CB42CD0773400219AA8 /* SignUpResponse.swift in Sources */,
				4950808D2CF01B5900C8D896 /* HabitDetailViewModel.swift in Sources */,
				496E4CB62CD078F900219AA8 /* ErrorResponse.swift in Sources */,
				495080912CF020AB00C8D896 /* HabitCardViewRouter.swift in Sources */,
				49151C802CE435E800ECFE79 /* HabitUIState.swift in Sources */,
				49DA84942CD1D0FA00E55BD4 /* SignInInteractor.swift in Sources */,
				495080942CF0260300C8D896 /* HabitDetailInteractor.swift in Sources */,
				491287762CC44B6C00AA4EFC /* SplashUIState.swift in Sources */,
				491287622CC4496000AA4EFC /* HabitPlusApp.swift in Sources */,
				49F97C2E2CD4700B000A4B25 /* LocalDataSource.swift in Sources */,
				493317052CD31B0100B4F280 /* SignInRemoteDataSource.swift in Sources */,
				495080982CF0274500C8D896 /* HabitValueRequest.swift in Sources */,
				49DA84912CD1CB6900E55BD4 /* SignInErrorResponse.swift in Sources */,
				49F97C352CD48143000A4B25 /* SplashRemoteDataSource.swift in Sources */,
				498E2A372CC4B3DB00D33A70 /* HomeView.swift in Sources */,
				498E2A302CC4B29000D33A70 /* SignInViewRouter.swift in Sources */,
				497037712CE5804500A9F885 /* ButtonStyles.swift in Sources */,
				49F97C2C2CD46F90000A4B25 /* UserAuth.swift in Sources */,
				491287832CC476E400AA4EFC /* SignInViewModel.swift in Sources */,
				497037752CE5883A00A9F885 /* HabitCardView.swift in Sources */,
				493316FE2CD311F700B4F280 /* AppError.swift in Sources */,
				497037772CE5982400A9F885 /* View+Extension.swift in Sources */,
				49151C822CE4365300ECFE79 /* HomeViewRouter.swift in Sources */,
				490D82772CEC15B000C12CBC /* Date+Extension.swift in Sources */,
				498E2A492CC4BC3D00D33A70 /* SignUpViewModel.swift in Sources */,
				491287852CC476F300AA4EFC /* SignInModel.swift in Sources */,
				498E2A412CC4BBCC00D33A70 /* SignUpView.swift in Sources */,
				497037732CE583EB00A9F885 /* HabitCardViewModel.swift in Sources */,
				495080962CF0262800C8D896 /* HabitDetailRemoteDataSource.swift in Sources */,
				49B962F32CCC81980029A46C /* CustomButton.swift in Sources */,
				490D82702CEC0E2D00C12CBC /* HabitResponse.swift in Sources */,
				493317032CD319B300B4F280 /* SignUpRemoteDataSource.swift in Sources */,
				4951FFE12CC88DFF003175AE /* CustomTextFieldStyle.swift in Sources */,
				498E2A3B2CC4B40300D33A70 /* HomeModel.swift in Sources */,
				491287742CC44B2A00AA4EFC /* SplashView.swift in Sources */,
				49151C7E2CE435D100ECFE79 /* HabitViewModel.swift in Sources */,
				49151C7C2CE435B400ECFE79 /* HabitView.swift in Sources */,
				49BAA1FF2CC71D0A00BBCDDF /* Gender.swift in Sources */,
				490D82732CEC0FF800C12CBC /* HabitRemoteDataSource.swift in Sources */,
				498E2A472CC4BC2300D33A70 /* SignUpModel.swift in Sources */,
				496E4CB22CD0678A00219AA8 /* SignUpRequest.swift in Sources */,
				49F97C332CD47ED1000A4B25 /* RefreshRequest.swift in Sources */,
				491287792CC45E9F00AA4EFC /* SplashViewModel.swift in Sources */,
				4951FFDD2CC887C5003175AE /* EditTextView.swift in Sources */,
				4950808F2CF01BB900C8D896 /* HabitDetailUIState.swift in Sources */,
				49F97C312CD475B2000A4B25 /* SplashInteractor.swift in Sources */,
				4912877F2CC476B500AA4EFC /* SignInView.swift in Sources */,
				496E4CB82CD0800600219AA8 /* SignInResponse.swift in Sources */,
				496E4CBA2CD0810A00219AA8 /* SignInRequest.swift in Sources */,
				49BAA2012CC7257700BBCDDF /* SignUpViewRouter.swift in Sources */,
			);
			runOnlyForDeploymentPostprocessing = 0;
		};
/* End PBXSourcesBuildPhase section */

/* Begin XCBuildConfiguration section */
		4912876A2CC4496100AA4EFC /* Debug */ = {
			isa = XCBuildConfiguration;
			buildSettings = {
				ALWAYS_SEARCH_USER_PATHS = NO;
				ASSETCATALOG_COMPILER_GENERATE_SWIFT_ASSET_SYMBOL_EXTENSIONS = YES;
				CLANG_ANALYZER_NONNULL = YES;
				CLANG_ANALYZER_NUMBER_OBJECT_CONVERSION = YES_AGGRESSIVE;
				CLANG_CXX_LANGUAGE_STANDARD = "gnu++20";
				CLANG_ENABLE_MODULES = YES;
				CLANG_ENABLE_OBJC_ARC = YES;
				CLANG_ENABLE_OBJC_WEAK = YES;
				CLANG_WARN_BLOCK_CAPTURE_AUTORELEASING = YES;
				CLANG_WARN_BOOL_CONVERSION = YES;
				CLANG_WARN_COMMA = YES;
				CLANG_WARN_CONSTANT_CONVERSION = YES;
				CLANG_WARN_DEPRECATED_OBJC_IMPLEMENTATIONS = YES;
				CLANG_WARN_DIRECT_OBJC_ISA_USAGE = YES_ERROR;
				CLANG_WARN_DOCUMENTATION_COMMENTS = YES;
				CLANG_WARN_EMPTY_BODY = YES;
				CLANG_WARN_ENUM_CONVERSION = YES;
				CLANG_WARN_INFINITE_RECURSION = YES;
				CLANG_WARN_INT_CONVERSION = YES;
				CLANG_WARN_NON_LITERAL_NULL_CONVERSION = YES;
				CLANG_WARN_OBJC_IMPLICIT_RETAIN_SELF = YES;
				CLANG_WARN_OBJC_LITERAL_CONVERSION = YES;
				CLANG_WARN_OBJC_ROOT_CLASS = YES_ERROR;
				CLANG_WARN_QUOTED_INCLUDE_IN_FRAMEWORK_HEADER = YES;
				CLANG_WARN_RANGE_LOOP_ANALYSIS = YES;
				CLANG_WARN_STRICT_PROTOTYPES = YES;
				CLANG_WARN_SUSPICIOUS_MOVE = YES;
				CLANG_WARN_UNGUARDED_AVAILABILITY = YES_AGGRESSIVE;
				CLANG_WARN_UNREACHABLE_CODE = YES;
				CLANG_WARN__DUPLICATE_METHOD_MATCH = YES;
				COPY_PHASE_STRIP = NO;
				DEBUG_INFORMATION_FORMAT = dwarf;
				ENABLE_STRICT_OBJC_MSGSEND = YES;
				ENABLE_TESTABILITY = YES;
				ENABLE_USER_SCRIPT_SANDBOXING = YES;
				GCC_C_LANGUAGE_STANDARD = gnu17;
				GCC_DYNAMIC_NO_PIC = NO;
				GCC_NO_COMMON_BLOCKS = YES;
				GCC_OPTIMIZATION_LEVEL = 0;
				GCC_PREPROCESSOR_DEFINITIONS = (
					"DEBUG=1",
					"$(inherited)",
				);
				GCC_WARN_64_TO_32_BIT_CONVERSION = YES;
				GCC_WARN_ABOUT_RETURN_TYPE = YES_ERROR;
				GCC_WARN_UNDECLARED_SELECTOR = YES;
				GCC_WARN_UNINITIALIZED_AUTOS = YES_AGGRESSIVE;
				GCC_WARN_UNUSED_FUNCTION = YES;
				GCC_WARN_UNUSED_VARIABLE = YES;
				IPHONEOS_DEPLOYMENT_TARGET = 17.5;
				LOCALIZATION_PREFERS_STRING_CATALOGS = YES;
				MTL_ENABLE_DEBUG_INFO = INCLUDE_SOURCE;
				MTL_FAST_MATH = YES;
				ONLY_ACTIVE_ARCH = YES;
				SDKROOT = iphoneos;
				SWIFT_ACTIVE_COMPILATION_CONDITIONS = "DEBUG $(inherited)";
				SWIFT_OPTIMIZATION_LEVEL = "-Onone";
			};
			name = Debug;
		};
		4912876B2CC4496100AA4EFC /* Release */ = {
			isa = XCBuildConfiguration;
			buildSettings = {
				ALWAYS_SEARCH_USER_PATHS = NO;
				ASSETCATALOG_COMPILER_GENERATE_SWIFT_ASSET_SYMBOL_EXTENSIONS = YES;
				CLANG_ANALYZER_NONNULL = YES;
				CLANG_ANALYZER_NUMBER_OBJECT_CONVERSION = YES_AGGRESSIVE;
				CLANG_CXX_LANGUAGE_STANDARD = "gnu++20";
				CLANG_ENABLE_MODULES = YES;
				CLANG_ENABLE_OBJC_ARC = YES;
				CLANG_ENABLE_OBJC_WEAK = YES;
				CLANG_WARN_BLOCK_CAPTURE_AUTORELEASING = YES;
				CLANG_WARN_BOOL_CONVERSION = YES;
				CLANG_WARN_COMMA = YES;
				CLANG_WARN_CONSTANT_CONVERSION = YES;
				CLANG_WARN_DEPRECATED_OBJC_IMPLEMENTATIONS = YES;
				CLANG_WARN_DIRECT_OBJC_ISA_USAGE = YES_ERROR;
				CLANG_WARN_DOCUMENTATION_COMMENTS = YES;
				CLANG_WARN_EMPTY_BODY = YES;
				CLANG_WARN_ENUM_CONVERSION = YES;
				CLANG_WARN_INFINITE_RECURSION = YES;
				CLANG_WARN_INT_CONVERSION = YES;
				CLANG_WARN_NON_LITERAL_NULL_CONVERSION = YES;
				CLANG_WARN_OBJC_IMPLICIT_RETAIN_SELF = YES;
				CLANG_WARN_OBJC_LITERAL_CONVERSION = YES;
				CLANG_WARN_OBJC_ROOT_CLASS = YES_ERROR;
				CLANG_WARN_QUOTED_INCLUDE_IN_FRAMEWORK_HEADER = YES;
				CLANG_WARN_RANGE_LOOP_ANALYSIS = YES;
				CLANG_WARN_STRICT_PROTOTYPES = YES;
				CLANG_WARN_SUSPICIOUS_MOVE = YES;
				CLANG_WARN_UNGUARDED_AVAILABILITY = YES_AGGRESSIVE;
				CLANG_WARN_UNREACHABLE_CODE = YES;
				CLANG_WARN__DUPLICATE_METHOD_MATCH = YES;
				COPY_PHASE_STRIP = NO;
				DEBUG_INFORMATION_FORMAT = "dwarf-with-dsym";
				ENABLE_NS_ASSERTIONS = NO;
				ENABLE_STRICT_OBJC_MSGSEND = YES;
				ENABLE_USER_SCRIPT_SANDBOXING = YES;
				GCC_C_LANGUAGE_STANDARD = gnu17;
				GCC_NO_COMMON_BLOCKS = YES;
				GCC_WARN_64_TO_32_BIT_CONVERSION = YES;
				GCC_WARN_ABOUT_RETURN_TYPE = YES_ERROR;
				GCC_WARN_UNDECLARED_SELECTOR = YES;
				GCC_WARN_UNINITIALIZED_AUTOS = YES_AGGRESSIVE;
				GCC_WARN_UNUSED_FUNCTION = YES;
				GCC_WARN_UNUSED_VARIABLE = YES;
				IPHONEOS_DEPLOYMENT_TARGET = 17.5;
				LOCALIZATION_PREFERS_STRING_CATALOGS = YES;
				MTL_ENABLE_DEBUG_INFO = NO;
				MTL_FAST_MATH = YES;
				SDKROOT = iphoneos;
				SWIFT_COMPILATION_MODE = wholemodule;
				VALIDATE_PRODUCT = YES;
			};
			name = Release;
		};
		4912876D2CC4496100AA4EFC /* Debug */ = {
			isa = XCBuildConfiguration;
			buildSettings = {
				ASSETCATALOG_COMPILER_APPICON_NAME = AppIcon;
				ASSETCATALOG_COMPILER_GLOBAL_ACCENT_COLOR_NAME = AccentColor;
				CODE_SIGN_STYLE = Automatic;
				CURRENT_PROJECT_VERSION = 1;
				DEVELOPMENT_ASSET_PATHS = "\"HabitPlus/Preview Content\"";
				DEVELOPMENT_TEAM = 77P2YANQ76;
				ENABLE_PREVIEWS = YES;
				GENERATE_INFOPLIST_FILE = YES;
				INFOPLIST_KEY_UIApplicationSceneManifest_Generation = YES;
				INFOPLIST_KEY_UIApplicationSupportsIndirectInputEvents = YES;
				INFOPLIST_KEY_UILaunchScreen_Generation = YES;
				INFOPLIST_KEY_UISupportedInterfaceOrientations_iPad = "UIInterfaceOrientationPortrait UIInterfaceOrientationPortraitUpsideDown UIInterfaceOrientationLandscapeLeft UIInterfaceOrientationLandscapeRight";
				INFOPLIST_KEY_UISupportedInterfaceOrientations_iPhone = "UIInterfaceOrientationPortrait UIInterfaceOrientationLandscapeLeft UIInterfaceOrientationLandscapeRight";
				IPHONEOS_DEPLOYMENT_TARGET = 14.0;
				LD_RUNPATH_SEARCH_PATHS = (
					"$(inherited)",
					"@executable_path/Frameworks",
				);
				MARKETING_VERSION = 1.0;
				PRODUCT_BUNDLE_IDENTIFIER = com..HabitPlus;
				PRODUCT_NAME = "$(TARGET_NAME)";
				SWIFT_EMIT_LOC_STRINGS = YES;
				SWIFT_VERSION = 5.0;
				TARGETED_DEVICE_FAMILY = "1,2";
			};
			name = Debug;
		};
		4912876E2CC4496100AA4EFC /* Release */ = {
			isa = XCBuildConfiguration;
			buildSettings = {
				ASSETCATALOG_COMPILER_APPICON_NAME = AppIcon;
				ASSETCATALOG_COMPILER_GLOBAL_ACCENT_COLOR_NAME = AccentColor;
				CODE_SIGN_STYLE = Automatic;
				CURRENT_PROJECT_VERSION = 1;
				DEVELOPMENT_ASSET_PATHS = "\"HabitPlus/Preview Content\"";
				DEVELOPMENT_TEAM = 77P2YANQ76;
				ENABLE_PREVIEWS = YES;
				GENERATE_INFOPLIST_FILE = YES;
				INFOPLIST_KEY_UIApplicationSceneManifest_Generation = YES;
				INFOPLIST_KEY_UIApplicationSupportsIndirectInputEvents = YES;
				INFOPLIST_KEY_UILaunchScreen_Generation = YES;
				INFOPLIST_KEY_UISupportedInterfaceOrientations_iPad = "UIInterfaceOrientationPortrait UIInterfaceOrientationPortraitUpsideDown UIInterfaceOrientationLandscapeLeft UIInterfaceOrientationLandscapeRight";
				INFOPLIST_KEY_UISupportedInterfaceOrientations_iPhone = "UIInterfaceOrientationPortrait UIInterfaceOrientationLandscapeLeft UIInterfaceOrientationLandscapeRight";
				IPHONEOS_DEPLOYMENT_TARGET = 14.0;
				LD_RUNPATH_SEARCH_PATHS = (
					"$(inherited)",
					"@executable_path/Frameworks",
				);
				MARKETING_VERSION = 1.0;
				PRODUCT_BUNDLE_IDENTIFIER = com..HabitPlus;
				PRODUCT_NAME = "$(TARGET_NAME)";
				SWIFT_EMIT_LOC_STRINGS = YES;
				SWIFT_VERSION = 5.0;
				TARGETED_DEVICE_FAMILY = "1,2";
			};
			name = Release;
		};
/* End XCBuildConfiguration section */

/* Begin XCConfigurationList section */
		491287592CC4496000AA4EFC /* Build configuration list for PBXProject "HabitPlus" */ = {
			isa = XCConfigurationList;
			buildConfigurations = (
				4912876A2CC4496100AA4EFC /* Debug */,
				4912876B2CC4496100AA4EFC /* Release */,
			);
			defaultConfigurationIsVisible = 0;
			defaultConfigurationName = Release;
		};
		4912876C2CC4496100AA4EFC /* Build configuration list for PBXNativeTarget "HabitPlus" */ = {
			isa = XCConfigurationList;
			buildConfigurations = (
				4912876D2CC4496100AA4EFC /* Debug */,
				4912876E2CC4496100AA4EFC /* Release */,
			);
			defaultConfigurationIsVisible = 0;
			defaultConfigurationName = Release;
		};
/* End XCConfigurationList section */
	};
	rootObject = 491287562CC4496000AA4EFC /* Project object */;
}
